// !$*UTF8*$!
{
	archiveVersion = 1;
	classes = {
	};
	objectVersion = 56;
	objects = {

/* Begin PBXBuildFile section */
		C67E833F2BBB330F00EB77E7 /* AppDelegate.swift in Sources */ = {isa = PBXBuildFile; fileRef = C67E833E2BBB330F00EB77E7 /* AppDelegate.swift */; };
		C67E83412BBB330F00EB77E7 /* SceneDelegate.swift in Sources */ = {isa = PBXBuildFile; fileRef = C67E83402BBB330F00EB77E7 /* SceneDelegate.swift */; };
		C67E83432BBB330F00EB77E7 /* ViewController.swift in Sources */ = {isa = PBXBuildFile; fileRef = C67E83422BBB330F00EB77E7 /* ViewController.swift */; };
		C67E83462BBB330F00EB77E7 /* Main.storyboard in Resources */ = {isa = PBXBuildFile; fileRef = C67E83442BBB330F00EB77E7 /* Main.storyboard */; };
		C67E83482BBB331000EB77E7 /* Assets.xcassets in Resources */ = {isa = PBXBuildFile; fileRef = C67E83472BBB331000EB77E7 /* Assets.xcassets */; };
		C67E834B2BBB331000EB77E7 /* LaunchScreen.storyboard in Resources */ = {isa = PBXBuildFile; fileRef = C67E83492BBB331000EB77E7 /* LaunchScreen.storyboard */; };
/* End PBXBuildFile section */

/* Begin PBXFileReference section */
		C67E833B2BBB330F00EB77E7 /* IOS HW-11-1 Oksana Kazarinova.app */ = {isa = PBXFileReference; explicitFileType = wrapper.application; includeInIndex = 0; path = "IOS HW-11-1 Oksana Kazarinova.app"; sourceTree = BUILT_PRODUCTS_DIR; };
		C67E833E2BBB330F00EB77E7 /* AppDelegate.swift */ = {isa = PBXFileReference; lastKnownFileType = sourcecode.swift; path = AppDelegate.swift; sourceTree = "<group>"; };
		C67E83402BBB330F00EB77E7 /* SceneDelegate.swift */ = {isa = PBXFileReference; lastKnownFileType = sourcecode.swift; path = SceneDelegate.swift; sourceTree = "<group>"; };
		C67E83422BBB330F00EB77E7 /* ViewController.swift */ = {isa = PBXFileReference; lastKnownFileType = sourcecode.swift; path = ViewController.swift; sourceTree = "<group>"; };
		C67E83452BBB330F00EB77E7 /* Base */ = {isa = PBXFileReference; lastKnownFileType = file.storyboard; name = Base; path = Base.lproj/Main.storyboard; sourceTree = "<group>"; };
		C67E83472BBB331000EB77E7 /* Assets.xcassets */ = {isa = PBXFileReference; lastKnownFileType = folder.assetcatalog; path = Assets.xcassets; sourceTree = "<group>"; };
		C67E834A2BBB331000EB77E7 /* Base */ = {isa = PBXFileReference; lastKnownFileType = file.storyboard; name = Base; path = Base.lproj/LaunchScreen.storyboard; sourceTree = "<group>"; };
		C67E834C2BBB331000EB77E7 /* Info.plist */ = {isa = PBXFileReference; lastKnownFileType = text.plist.xml; path = Info.plist; sourceTree = "<group>"; };
/* End PBXFileReference section */

/* Begin PBXFrameworksBuildPhase section */
		C67E83382BBB330F00EB77E7 /* Frameworks */ = {
			isa = PBXFrameworksBuildPhase;
			buildActionMask = 2147483647;
			files = (
			);
			runOnlyForDeploymentPostprocessing = 0;
		};
/* End PBXFrameworksBuildPhase section */

/* Begin PBXGroup section */
		C67512E72CD00D2A00919F57 /* App */ = {
			isa = PBXGroup;
			children = (
				C67E833E2BBB330F00EB77E7 /* AppDelegate.swift */,
				C67E83402BBB330F00EB77E7 /* SceneDelegate.swift */,
			);
			path = App;
			sourceTree = "<group>";
		};
		C67512E82CD00D4000919F57 /* ViewControllers */ = {
			isa = PBXGroup;
			children = (
				C67E83422BBB330F00EB77E7 /* ViewController.swift */,
			);
			path = ViewControllers;
			sourceTree = "<group>";
		};
		C67512E92CD00D5B00919F57 /* Storyboards */ = {
			isa = PBXGroup;
			children = (
				C67E83442BBB330F00EB77E7 /* Main.storyboard */,
			);
			path = Storyboards;
			sourceTree = "<group>";
		};
		C67512EA2CD00D7F00919F57 /* Resources */ = {
			isa = PBXGroup;
			children = (
				C67E83472BBB331000EB77E7 /* Assets.xcassets */,
				C67E83492BBB331000EB77E7 /* LaunchScreen.storyboard */,
				C67E834C2BBB331000EB77E7 /* Info.plist */,
			);
			path = Resources;
			sourceTree = "<group>";
		};
		C67E83322BBB330F00EB77E7 = {
			isa = PBXGroup;
			children = (
				C67E833D2BBB330F00EB77E7 /* IOS HW-11-1 Oksana Kazarinova */,
				C67E833C2BBB330F00EB77E7 /* Products */,
			);
			sourceTree = "<group>";
		};
		C67E833C2BBB330F00EB77E7 /* Products */ = {
			isa = PBXGroup;
			children = (
				C67E833B2BBB330F00EB77E7 /* IOS HW-11-1 Oksana Kazarinova.app */,
			);
			name = Products;
			sourceTree = "<group>";
		};
		C67E833D2BBB330F00EB77E7 /* IOS HW-11-1 Oksana Kazarinova */ = {
			isa = PBXGroup;
			children = (
				C67512E72CD00D2A00919F57 /* App */,
				C67512E82CD00D4000919F57 /* ViewControllers */,
				C67512E92CD00D5B00919F57 /* Storyboards */,
				C67512EA2CD00D7F00919F57 /* Resources */,
			);
			path = "IOS HW-11-1 Oksana Kazarinova";
			sourceTree = "<group>";
		};
/* End PBXGroup section */

/* Begin PBXNativeTarget section */
		C67E833A2BBB330F00EB77E7 /* IOS HW-11-1 Oksana Kazarinova */ = {
			isa = PBXNativeTarget;
			buildConfigurationList = C67E834F2BBB331000EB77E7 /* Build configuration list for PBXNativeTarget "IOS HW-11-1 Oksana Kazarinova" */;
			buildPhases = (
				C67E83372BBB330F00EB77E7 /* Sources */,
				C67E83382BBB330F00EB77E7 /* Frameworks */,
				C67E83392BBB330F00EB77E7 /* Resources */,
			);
			buildRules = (
			);
			dependencies = (
			);
			name = "IOS HW-11-1 Oksana Kazarinova";
			productName = "IOS HW-11-1 Oksana Kazarinova";
			productReference = C67E833B2BBB330F00EB77E7 /* IOS HW-11-1 Oksana Kazarinova.app */;
			productType = "com.apple.product-type.application";
		};
/* End PBXNativeTarget section */

/* Begin PBXProject section */
		C67E83332BBB330F00EB77E7 /* Project object */ = {
			isa = PBXProject;
			attributes = {
				BuildIndependentTargetsInParallel = 1;
				LastSwiftUpdateCheck = 1430;
				LastUpgradeCheck = 1430;
				TargetAttributes = {
					C67E833A2BBB330F00EB77E7 = {
						CreatedOnToolsVersion = 14.3.1;
					};
				};
			};
			buildConfigurationList = C67E83362BBB330F00EB77E7 /* Build configuration list for PBXProject "IOS HW-11-1 Oksana Kazarinova" */;
			compatibilityVersion = "Xcode 14.0";
			developmentRegion = en;
			hasScannedForEncodings = 0;
			knownRegions = (
				en,
				Base,
			);
			mainGroup = C67E83322BBB330F00EB77E7;
			productRefGroup = C67E833C2BBB330F00EB77E7 /* Products */;
			projectDirPath = "";
			projectRoot = "";
			targets = (
				C67E833A2BBB330F00EB77E7 /* IOS HW-11-1 Oksana Kazarinova */,
			);
		};
/* End PBXProject section */

/* Begin PBXResourcesBuildPhase section */
		C67E83392BBB330F00EB77E7 /* Resources */ = {
			isa = PBXResourcesBuildPhase;
			buildActionMask = 2147483647;
			files = (
				C67E834B2BBB331000EB77E7 /* LaunchScreen.storyboard in Resources */,
				C67E83482BBB331000EB77E7 /* Assets.xcassets in Resources */,
				C67E83462BBB330F00EB77E7 /* Main.storyboard in Resources */,
			);
			runOnlyForDeploymentPostprocessing = 0;
		};
/* End PBXResourcesBuildPhase section */

/* Begin PBXSourcesBuildPhase section */
		C67E83372BBB330F00EB77E7 /* Sources */ = {
			isa = PBXSourcesBuildPhase;
			buildActionMask = 2147483647;
			files = (
				C67E83432BBB330F00EB77E7 /* ViewController.swift in Sources */,
				C67E833F2BBB330F00EB77E7 /* AppDelegate.swift in Sources */,
				C67E83412BBB330F00EB77E7 /* SceneDelegate.swift in Sources */,
			);
			runOnlyForDeploymentPostprocessing = 0;
		};
/* End PBXSourcesBuildPhase section */

/* Begin PBXVariantGroup section */
		C67E83442BBB330F00EB77E7 /* Main.storyboard */ = {
			isa = PBXVariantGroup;
			children = (
				C67E83452BBB330F00EB77E7 /* Base */,
			);
			name = Main.storyboard;
			sourceTree = "<group>";
		};
		C67E83492BBB331000EB77E7 /* LaunchScreen.storyboard */ = {
			isa = PBXVariantGroup;
			children = (
				C67E834A2BBB331000EB77E7 /* Base */,
			);
			name = LaunchScreen.storyboard;
			sourceTree = "<group>";
		};
/* End PBXVariantGroup section */

/* Begin XCBuildConfiguration section */
		C67E834D2BBB331000EB77E7 /* Debug */ = {
			isa = XCBuildConfiguration;
			buildSettings = {
				ALWAYS_SEARCH_USER_PATHS = NO;
				CLANG_ANALYZER_NONNULL = YES;
				CLANG_ANALYZER_NUMBER_OBJECT_CONVERSION = YES_AGGRESSIVE;
				CLANG_CXX_LANGUAGE_STANDARD = "gnu++20";
				CLANG_ENABLE_MODULES = YES;
				CLANG_ENABLE_OBJC_ARC = YES;
				CLANG_ENABLE_OBJC_WEAK = YES;
				CLANG_WARN_BLOCK_CAPTURE_AUTORELEASING = YES;
				CLANG_WARN_BOOL_CONVERSION = YES;
				CLANG_WARN_COMMA = YES;
				CLANG_WARN_CONSTANT_CONVERSION = YES;
				CLANG_WARN_DEPRECATED_OBJC_IMPLEMENTATIONS = YES;
				CLANG_WARN_DIRECT_OBJC_ISA_USAGE = YES_ERROR;
				CLANG_WARN_DOCUMENTATION_COMMENTS = YES;
				CLANG_WARN_EMPTY_BODY = YES;
				CLANG_WARN_ENUM_CONVERSION = YES;
				CLANG_WARN_INFINITE_RECURSION = YES;
				CLANG_WARN_INT_CONVERSION = YES;
				CLANG_WARN_NON_LITERAL_NULL_CONVERSION = YES;
				CLANG_WARN_OBJC_IMPLICIT_RETAIN_SELF = YES;
				CLANG_WARN_OBJC_LITERAL_CONVERSION = YES;
				CLANG_WARN_OBJC_ROOT_CLASS = YES_ERROR;
				CLANG_WARN_QUOTED_INCLUDE_IN_FRAMEWORK_HEADER = YES;
				CLANG_WARN_RANGE_LOOP_ANALYSIS = YES;
				CLANG_WARN_STRICT_PROTOTYPES = YES;
				CLANG_WARN_SUSPICIOUS_MOVE = YES;
				CLANG_WARN_UNGUARDED_AVAILABILITY = YES_AGGRESSIVE;
				CLANG_WARN_UNREACHABLE_CODE = YES;
				CLANG_WARN__DUPLICATE_METHOD_MATCH = YES;
				COPY_PHASE_STRIP = NO;
				DEBUG_INFORMATION_FORMAT = dwarf;
				ENABLE_STRICT_OBJC_MSGSEND = YES;
				ENABLE_TESTABILITY = YES;
				GCC_C_LANGUAGE_STANDARD = gnu11;
				GCC_DYNAMIC_NO_PIC = NO;
				GCC_NO_COMMON_BLOCKS = YES;
				GCC_OPTIMIZATION_LEVEL = 0;
				GCC_PREPROCESSOR_DEFINITIONS = (
					"DEBUG=1",
					"$(inherited)",
				);
				GCC_WARN_64_TO_32_BIT_CONVERSION = YES;
				GCC_WARN_ABOUT_RETURN_TYPE = YES_ERROR;
				GCC_WARN_UNDECLARED_SELECTOR = YES;
				GCC_WARN_UNINITIALIZED_AUTOS = YES_AGGRESSIVE;
				GCC_WARN_UNUSED_FUNCTION = YES;
				GCC_WARN_UNUSED_VARIABLE = YES;
				IPHONEOS_DEPLOYMENT_TARGET = 16.4;
				MTL_ENABLE_DEBUG_INFO = INCLUDE_SOURCE;
				MTL_FAST_MATH = YES;
				ONLY_ACTIVE_ARCH = YES;
				SDKROOT = iphoneos;
				SWIFT_ACTIVE_COMPILATION_CONDITIONS = DEBUG;
				SWIFT_OPTIMIZATION_LEVEL = "-Onone";
			};
			name = Debug;
		};
		C67E834E2BBB331000EB77E7 /* Release */ = {
			isa = XCBuildConfiguration;
			buildSettings = {
				ALWAYS_SEARCH_USER_PATHS = NO;
				CLANG_ANALYZER_NONNULL = YES;
				CLANG_ANALYZER_NUMBER_OBJECT_CONVERSION = YES_AGGRESSIVE;
				CLANG_CXX_LANGUAGE_STANDARD = "gnu++20";
				CLANG_ENABLE_MODULES = YES;
				CLANG_ENABLE_OBJC_ARC = YES;
				CLANG_ENABLE_OBJC_WEAK = YES;
				CLANG_WARN_BLOCK_CAPTURE_AUTORELEASING = YES;
				CLANG_WARN_BOOL_CONVERSION = YES;
				CLANG_WARN_COMMA = YES;
				CLANG_WARN_CONSTANT_CONVERSION = YES;
				CLANG_WARN_DEPRECATED_OBJC_IMPLEMENTATIONS = YES;
				CLANG_WARN_DIRECT_OBJC_ISA_USAGE = YES_ERROR;
				CLANG_WARN_DOCUMENTATION_COMMENTS = YES;
				CLANG_WARN_EMPTY_BODY = YES;
				CLANG_WARN_ENUM_CONVERSION = YES;
				CLANG_WARN_INFINITE_RECURSION = YES;
				CLANG_WARN_INT_CONVERSION = YES;
				CLANG_WARN_NON_LITERAL_NULL_CONVERSION = YES;
				CLANG_WARN_OBJC_IMPLICIT_RETAIN_SELF = YES;
				CLANG_WARN_OBJC_LITERAL_CONVERSION = YES;
				CLANG_WARN_OBJC_ROOT_CLASS = YES_ERROR;
				CLANG_WARN_QUOTED_INCLUDE_IN_FRAMEWORK_HEADER = YES;
				CLANG_WARN_RANGE_LOOP_ANALYSIS = YES;
				CLANG_WARN_STRICT_PROTOTYPES = YES;
				CLANG_WARN_SUSPICIOUS_MOVE = YES;
				CLANG_WARN_UNGUARDED_AVAILABILITY = YES_AGGRESSIVE;
				CLANG_WARN_UNREACHABLE_CODE = YES;
				CLANG_WARN__DUPLICATE_METHOD_MATCH = YES;
				COPY_PHASE_STRIP = NO;
				DEBUG_INFORMATION_FORMAT = "dwarf-with-dsym";
				ENABLE_NS_ASSERTIONS = NO;
				ENABLE_STRICT_OBJC_MSGSEND = YES;
				GCC_C_LANGUAGE_STANDARD = gnu11;
				GCC_NO_COMMON_BLOCKS = YES;
				GCC_WARN_64_TO_32_BIT_CONVERSION = YES;
				GCC_WARN_ABOUT_RETURN_TYPE = YES_ERROR;
				GCC_WARN_UNDECLARED_SELECTOR = YES;
				GCC_WARN_UNINITIALIZED_AUTOS = YES_AGGRESSIVE;
				GCC_WARN_UNUSED_FUNCTION = YES;
				GCC_WARN_UNUSED_VARIABLE = YES;
				IPHONEOS_DEPLOYMENT_TARGET = 16.4;
				MTL_ENABLE_DEBUG_INFO = NO;
				MTL_FAST_MATH = YES;
				SDKROOT = iphoneos;
				SWIFT_COMPILATION_MODE = wholemodule;
				SWIFT_OPTIMIZATION_LEVEL = "-O";
				VALIDATE_PRODUCT = YES;
			};
			name = Release;
		};
		C67E83502BBB331000EB77E7 /* Debug */ = {
			isa = XCBuildConfiguration;
			buildSettings = {
				ASSETCATALOG_COMPILER_APPICON_NAME = AppIcon;
				ASSETCATALOG_COMPILER_GLOBAL_ACCENT_COLOR_NAME = AccentColor;
				CODE_SIGN_STYLE = Automatic;
				CURRENT_PROJECT_VERSION = 1;
				GENERATE_INFOPLIST_FILE = YES;
				INFOPLIST_FILE = "IOS HW-11-1 Oksana Kazarinova/Resources/Info.plist";
				INFOPLIST_KEY_UIApplicationSupportsIndirectInputEvents = YES;
				INFOPLIST_KEY_UILaunchStoryboardName = LaunchScreen;
				INFOPLIST_KEY_UIMainStoryboardFile = Main;
				INFOPLIST_KEY_UISupportedInterfaceOrientations = "UIInterfaceOrientationPortrait UIInterfaceOrientationPortraitUpsideDown";
				IPHONEOS_DEPLOYMENT_TARGET = 16.0;
				LD_RUNPATH_SEARCH_PATHS = (
					"$(inherited)",
					"@executable_path/Frameworks",
				);
				MARKETING_VERSION = 1.0;
				PRODUCT_BUNDLE_IDENTIFIER = "okcreating.IOS-HW-11-1-Oksana-Kazarinova";
				PRODUCT_NAME = "$(TARGET_NAME)";
				SWIFT_EMIT_LOC_STRINGS = YES;
				SWIFT_VERSION = 5.0;
				TARGETED_DEVICE_FAMILY = "1,2";
			};
			name = Debug;
		};
		C67E83512BBB331000EB77E7 /* Release */ = {
			isa = XCBuildConfiguration;
			buildSettings = {
				ASSETCATALOG_COMPILER_APPICON_NAME = AppIcon;
				ASSETCATALOG_COMPILER_GLOBAL_ACCENT_COLOR_NAME = AccentColor;
				CODE_SIGN_STYLE = Automatic;
				CURRENT_PROJECT_VERSION = 1;
				GENERATE_INFOPLIST_FILE = YES;
				INFOPLIST_FILE = "IOS HW-11-1 Oksana Kazarinova/Resources/Info.plist";
				INFOPLIST_KEY_UIApplicationSupportsIndirectInputEvents = YES;
				INFOPLIST_KEY_UILaunchStoryboardName = LaunchScreen;
				INFOPLIST_KEY_UIMainStoryboardFile = Main;
				INFOPLIST_KEY_UISupportedInterfaceOrientations = "UIInterfaceOrientationPortrait UIInterfaceOrientationPortraitUpsideDown";
				IPHONEOS_DEPLOYMENT_TARGET = 16.0;
				LD_RUNPATH_SEARCH_PATHS = (
					"$(inherited)",
					"@executable_path/Frameworks",
				);
				MARKETING_VERSION = 1.0;
				PRODUCT_BUNDLE_IDENTIFIER = "okcreating.IOS-HW-11-1-Oksana-Kazarinova";
				PRODUCT_NAME = "$(TARGET_NAME)";
				SWIFT_EMIT_LOC_STRINGS = YES;
				SWIFT_VERSION = 5.0;
				TARGETED_DEVICE_FAMILY = "1,2";
			};
			name = Release;
		};
/* End XCBuildConfiguration section */

/* Begin XCConfigurationList section */
		C67E83362BBB330F00EB77E7 /* Build configuration list for PBXProject "IOS HW-11-1 Oksana Kazarinova" */ = {
			isa = XCConfigurationList;
			buildConfigurations = (
				C67E834D2BBB331000EB77E7 /* Debug */,
				C67E834E2BBB331000EB77E7 /* Release */,
			);
			defaultConfigurationIsVisible = 0;
			defaultConfigurationName = Release;
		};
		C67E834F2BBB331000EB77E7 /* Build configuration list for PBXNativeTarget "IOS HW-11-1 Oksana Kazarinova" */ = {
			isa = XCConfigurationList;
			buildConfigurations = (
				C67E83502BBB331000EB77E7 /* Debug */,
				C67E83512BBB331000EB77E7 /* Release */,
			);
			defaultConfigurationIsVisible = 0;
			defaultConfigurationName = Release;
		};
/* End XCConfigurationList section */
	};
	rootObject = C67E83332BBB330F00EB77E7 /* Project object */;
}
